
Microsoft Visual Studio Solution File, Format Version 12.00
# Visual Studio Version 17
VisualStudioVersion = 17.4.33122.133
MinimumVisualStudioVersion = 10.0.40219.1
Project("{FAE04EC0-301F-11D3-BF4B-00C04F79EFBC}") = "Rectangler", "Rectangler\Rectangler.csproj", "{325461A2-B4BE-47BF-A7A8-9E05977B8AA1}"
EndProject
Global
	GlobalSection(SolutionConfigurationPlatforms) = preSolution
		Debug|Any CPU = Debug|Any CPU
		Release|Any CPU = Release|Any CPU
	EndGlobalSection
	GlobalSection(ProjectConfigurationPlatforms) = postSolution
		{325461A2-B4BE-47BF-A7A8-9E05977B8AA1}.Debug|Any CPU.ActiveCfg = Debug|Any CPU
		{325461A2-B4BE-47BF-A7A8-9E05977B8AA1}.Debug|Any CPU.Build.0 = Debug|Any CPU
		{325461A2-B4BE-47BF-A7A8-9E05977B8AA1}.Release|Any CPU.ActiveCfg = Release|Any CPU
		{325461A2-B4BE-47BF-A7A8-9E05977B8AA1}.Release|Any CPU.Build.0 = Release|Any CPU
	EndGlobalSection
	GlobalSection(SolutionProperties) = preSolution
		HideSolutionNode = FALSE
	EndGlobalSection
	GlobalSection(ExtensibilityGlobals) = postSolution
		SolutionGuid = {4E9BB836-E7CB-417D-883F-9ECA16B5E176}
	EndGlobalSection
EndGlobal
